
Microsoft Visual Studio Solution File, Format Version 12.00
# Visual Studio 15
VisualStudioVersion = 15.0.28306.52
MinimumVisualStudioVersion = 10.0.40219.1
Project("{8BC9CEB8-8B4A-11D0-8D11-00A0C91BC942}") = "Wrokshop 2", "Wrokshop 2\Wrokshop 2.vcxproj", "{519556DA-822F-48F8-8377-4271464D26B7}"
EndProject
Global
	GlobalSection(SolutionConfigurationPlatforms) = preSolution
		Debug|x64 = Debug|x64
		Debug|x86 = Debug|x86
		Release|x64 = Release|x64
		Release|x86 = Release|x86
	EndGlobalSection
	GlobalSection(ProjectConfigurationPlatforms) = postSolution
		{519556DA-822F-48F8-8377-4271464D26B7}.Debug|x64.ActiveCfg = Debug|x64
		{519556DA-822F-48F8-8377-4271464D26B7}.Debug|x64.Build.0 = Debug|x64
		{519556DA-822F-48F8-8377-4271464D26B7}.Debug|x86.ActiveCfg = Debug|Win32
		{519556DA-822F-48F8-8377-4271464D26B7}.Debug|x86.Build.0 = Debug|Win32
		{519556DA-822F-48F8-8377-4271464D26B7}.Release|x64.ActiveCfg = Release|x64
		{519556DA-822F-48F8-8377-4271464D26B7}.Release|x64.Build.0 = Release|x64
		{519556DA-822F-48F8-8377-4271464D26B7}.Release|x86.ActiveCfg = Release|Win32
		{519556DA-822F-48F8-8377-4271464D26B7}.Release|x86.Build.0 = Release|Win32
	EndGlobalSection
	GlobalSection(SolutionProperties) = preSolution
		HideSolutionNode = FALSE
	EndGlobalSection
	GlobalSection(ExtensibilityGlobals) = postSolution
		SolutionGuid = {B8B0CBD0-B096-47DA-B24F-2237B584A689}
	EndGlobalSection
EndGlobal
